
Microsoft Visual Studio Solution File, Format Version 12.00
# Visual Studio 15
VisualStudioVersion = 15.0.26430.14
MinimumVisualStudioVersion = 10.0.40219.1
Project("{FAE04EC0-301F-11D3-BF4B-00C04F79EFBC}") = "花旗_二", "花旗_二\花旗_二.csproj", "{F09E34DD-9C97-47BC-9ED2-4A5182FCDEAF}"
EndProject
Global
	GlobalSection(SolutionConfigurationPlatforms) = preSolution
		Debug|Any CPU = Debug|Any CPU
		Release|Any CPU = Release|Any CPU
	EndGlobalSection
	GlobalSection(ProjectConfigurationPlatforms) = postSolution
		{F09E34DD-9C97-47BC-9ED2-4A5182FCDEAF}.Debug|Any CPU.ActiveCfg = Debug|Any CPU
		{F09E34DD-9C97-47BC-9ED2-4A5182FCDEAF}.Debug|Any CPU.Build.0 = Debug|Any CPU
		{F09E34DD-9C97-47BC-9ED2-4A5182FCDEAF}.Release|Any CPU.ActiveCfg = Release|Any CPU
		{F09E34DD-9C97-47BC-9ED2-4A5182FCDEAF}.Release|Any CPU.Build.0 = Release|Any CPU
	EndGlobalSection
	GlobalSection(SolutionProperties) = preSolution
		HideSolutionNode = FALSE
	EndGlobalSection
EndGlobal
